
Microsoft Visual Studio Solution File, Format Version 12.00
# Visual Studio Version 16
VisualStudioVersion = 16.0.29411.138
MinimumVisualStudioVersion = 10.0.40219.1
Project("{9A19103F-16F7-4668-BE54-9A1E7A4F7556}") = "Nethereum.Metamask.Blazor", "Nethereum.Metamask.Blazor\Nethereum.Metamask.Blazor.csproj", "{C23BBD11-7E79-42CC-AB7E-4EC8E444D442}"
EndProject
Project("{9A19103F-16F7-4668-BE54-9A1E7A4F7556}") = "Nethereum.Metamask.Blazor.Server", "Nethereum.Metamask.Blazor.Server\Nethereum.Metamask.Blazor.Server.csproj", "{E92B0C32-35B4-4808-9763-753FCC80876F}"
EndProject
Project("{9A19103F-16F7-4668-BE54-9A1E7A4F7556}") = "Commerce.Metamask.Blazor.Server", "Commerce.Metamask.Blazor.Server\Commerce.Metamask.Blazor.Server.csproj", "{B71773AF-D187-4A58-B9CE-F9D6BC1C4748}"
EndProject
Project("{9A19103F-16F7-4668-BE54-9A1E7A4F7556}") = "Commerce.Buyer.Lib", "Commerce.Buyer.Lib\Commerce.Buyer.Lib.csproj", "{27471973-57A7-4A81-B75E-D985975AA336}"
EndProject
Project("{FAE04EC0-301F-11D3-BF4B-00C04F79EFBC}") = "Commerce.Buyer.PoBlazorComponents", "Commerce.Buyer.PoBlazorComponents\Commerce.Buyer.PoBlazorComponents.csproj", "{46688B90-961E-4ACF-BD5B-782DBCA14FF2}"
EndProject
Global
	GlobalSection(SolutionConfigurationPlatforms) = preSolution
		Debug|Any CPU = Debug|Any CPU
		Release|Any CPU = Release|Any CPU
	EndGlobalSection
	GlobalSection(ProjectConfigurationPlatforms) = postSolution
		{C23BBD11-7E79-42CC-AB7E-4EC8E444D442}.Debug|Any CPU.ActiveCfg = Debug|Any CPU
		{C23BBD11-7E79-42CC-AB7E-4EC8E444D442}.Debug|Any CPU.Build.0 = Debug|Any CPU
		{C23BBD11-7E79-42CC-AB7E-4EC8E444D442}.Release|Any CPU.ActiveCfg = Release|Any CPU
		{C23BBD11-7E79-42CC-AB7E-4EC8E444D442}.Release|Any CPU.Build.0 = Release|Any CPU
		{E92B0C32-35B4-4808-9763-753FCC80876F}.Debug|Any CPU.ActiveCfg = Debug|Any CPU
		{E92B0C32-35B4-4808-9763-753FCC80876F}.Debug|Any CPU.Build.0 = Debug|Any CPU
		{E92B0C32-35B4-4808-9763-753FCC80876F}.Release|Any CPU.ActiveCfg = Release|Any CPU
		{E92B0C32-35B4-4808-9763-753FCC80876F}.Release|Any CPU.Build.0 = Release|Any CPU
		{B71773AF-D187-4A58-B9CE-F9D6BC1C4748}.Debug|Any CPU.ActiveCfg = Debug|Any CPU
		{B71773AF-D187-4A58-B9CE-F9D6BC1C4748}.Debug|Any CPU.Build.0 = Debug|Any CPU
		{B71773AF-D187-4A58-B9CE-F9D6BC1C4748}.Release|Any CPU.ActiveCfg = Release|Any CPU
		{B71773AF-D187-4A58-B9CE-F9D6BC1C4748}.Release|Any CPU.Build.0 = Release|Any CPU
		{27471973-57A7-4A81-B75E-D985975AA336}.Debug|Any CPU.ActiveCfg = Debug|Any CPU
		{27471973-57A7-4A81-B75E-D985975AA336}.Debug|Any CPU.Build.0 = Debug|Any CPU
		{27471973-57A7-4A81-B75E-D985975AA336}.Release|Any CPU.ActiveCfg = Release|Any CPU
		{27471973-57A7-4A81-B75E-D985975AA336}.Release|Any CPU.Build.0 = Release|Any CPU
		{46688B90-961E-4ACF-BD5B-782DBCA14FF2}.Debug|Any CPU.ActiveCfg = Debug|Any CPU
		{46688B90-961E-4ACF-BD5B-782DBCA14FF2}.Debug|Any CPU.Build.0 = Debug|Any CPU
		{46688B90-961E-4ACF-BD5B-782DBCA14FF2}.Release|Any CPU.ActiveCfg = Release|Any CPU
		{46688B90-961E-4ACF-BD5B-782DBCA14FF2}.Release|Any CPU.Build.0 = Release|Any CPU
	EndGlobalSection
	GlobalSection(SolutionProperties) = preSolution
		HideSolutionNode = FALSE
	EndGlobalSection
	GlobalSection(ExtensibilityGlobals) = postSolution
		SolutionGuid = {649AA85A-ED5E-4E04-81A6-5BEBCEF3771E}
	EndGlobalSection
EndGlobal
